
Microsoft Visual Studio Solution File, Format Version 12.00
# Visual Studio Version 17
VisualStudioVersion = 17.0.31903.59
MinimumVisualStudioVersion = 10.0.40219.1
Project("{FAE04EC0-301F-11D3-BF4B-00C04F79EFBC}") = "GameEngine", "GameEngine\GameEngine.csproj", "{E9294F6C-1132-4F08-8586-62EDAE98632D}"
EndProject
Project("{FAE04EC0-301F-11D3-BF4B-00C04F79EFBC}") = "GameEngineEditor", "GameEngineEditor\GameEngineEditor.csproj", "{7C27B4EB-A310-43F0-BA8A-277A92635FED}"
EndProject
Project("{FAE04EC0-301F-11D3-BF4B-00C04F79EFBC}") = "GameLogic", "GameLogic\GameLogic.csproj", "{66878836-8FE9-4534-9A8A-79FBA1741ABE}"
EndProject
Project("{FAE04EC0-301F-11D3-BF4B-00C04F79EFBC}") = "GameNative", "GameNative\GameNative.csproj", "{A2CDD37B-CAEB-4E53-9AED-8732C463AC8E}"
EndProject
Project("{FAE04EC0-301F-11D3-BF4B-00C04F79EFBC}") = "GameProto", "GameProto\GameProto.csproj", "{116504E8-EF3F-49BC-AB0B-6A170F6C97A1}"
EndProject
Global
	GlobalSection(SolutionConfigurationPlatforms) = preSolution
		Debug|Any CPU = Debug|Any CPU
		Debug|x64 = Debug|x64
		Debug|x86 = Debug|x86
		Release|Any CPU = Release|Any CPU
		Release|x64 = Release|x64
		Release|x86 = Release|x86
	EndGlobalSection
	GlobalSection(ProjectConfigurationPlatforms) = postSolution
		{E9294F6C-1132-4F08-8586-62EDAE98632D}.Debug|Any CPU.ActiveCfg = Debug|Any CPU
		{E9294F6C-1132-4F08-8586-62EDAE98632D}.Debug|Any CPU.Build.0 = Debug|Any CPU
		{E9294F6C-1132-4F08-8586-62EDAE98632D}.Debug|x64.ActiveCfg = Debug|Any CPU
		{E9294F6C-1132-4F08-8586-62EDAE98632D}.Debug|x64.Build.0 = Debug|Any CPU
		{E9294F6C-1132-4F08-8586-62EDAE98632D}.Debug|x86.ActiveCfg = Debug|Any CPU
		{E9294F6C-1132-4F08-8586-62EDAE98632D}.Debug|x86.Build.0 = Debug|Any CPU
		{E9294F6C-1132-4F08-8586-62EDAE98632D}.Release|Any CPU.ActiveCfg = Release|Any CPU
		{E9294F6C-1132-4F08-8586-62EDAE98632D}.Release|Any CPU.Build.0 = Release|Any CPU
		{E9294F6C-1132-4F08-8586-62EDAE98632D}.Release|x64.ActiveCfg = Release|Any CPU
		{E9294F6C-1132-4F08-8586-62EDAE98632D}.Release|x64.Build.0 = Release|Any CPU
		{E9294F6C-1132-4F08-8586-62EDAE98632D}.Release|x86.ActiveCfg = Release|Any CPU
		{E9294F6C-1132-4F08-8586-62EDAE98632D}.Release|x86.Build.0 = Release|Any CPU
		{7C27B4EB-A310-43F0-BA8A-277A92635FED}.Debug|Any CPU.ActiveCfg = Debug|Any CPU
		{7C27B4EB-A310-43F0-BA8A-277A92635FED}.Debug|Any CPU.Build.0 = Debug|Any CPU
		{7C27B4EB-A310-43F0-BA8A-277A92635FED}.Debug|x64.ActiveCfg = Debug|Any CPU
		{7C27B4EB-A310-43F0-BA8A-277A92635FED}.Debug|x64.Build.0 = Debug|Any CPU
		{7C27B4EB-A310-43F0-BA8A-277A92635FED}.Debug|x86.ActiveCfg = Debug|Any CPU
		{7C27B4EB-A310-43F0-BA8A-277A92635FED}.Debug|x86.Build.0 = Debug|Any CPU
		{7C27B4EB-A310-43F0-BA8A-277A92635FED}.Release|Any CPU.ActiveCfg = Release|Any CPU
		{7C27B4EB-A310-43F0-BA8A-277A92635FED}.Release|Any CPU.Build.0 = Release|Any CPU
		{7C27B4EB-A310-43F0-BA8A-277A92635FED}.Release|x64.ActiveCfg = Release|Any CPU
		{7C27B4EB-A310-43F0-BA8A-277A92635FED}.Release|x64.Build.0 = Release|Any CPU
		{7C27B4EB-A310-43F0-BA8A-277A92635FED}.Release|x86.ActiveCfg = Release|Any CPU
		{7C27B4EB-A310-43F0-BA8A-277A92635FED}.Release|x86.Build.0 = Release|Any CPU
		{66878836-8FE9-4534-9A8A-79FBA1741ABE}.Debug|Any CPU.ActiveCfg = Debug|Any CPU
		{66878836-8FE9-4534-9A8A-79FBA1741ABE}.Debug|Any CPU.Build.0 = Debug|Any CPU
		{66878836-8FE9-4534-9A8A-79FBA1741ABE}.Debug|x64.ActiveCfg = Debug|Any CPU
		{66878836-8FE9-4534-9A8A-79FBA1741ABE}.Debug|x64.Build.0 = Debug|Any CPU
		{66878836-8FE9-4534-9A8A-79FBA1741ABE}.Debug|x86.ActiveCfg = Debug|Any CPU
		{66878836-8FE9-4534-9A8A-79FBA1741ABE}.Debug|x86.Build.0 = Debug|Any CPU
		{66878836-8FE9-4534-9A8A-79FBA1741ABE}.Release|Any CPU.ActiveCfg = Release|Any CPU
		{66878836-8FE9-4534-9A8A-79FBA1741ABE}.Release|Any CPU.Build.0 = Release|Any CPU
		{66878836-8FE9-4534-9A8A-79FBA1741ABE}.Release|x64.ActiveCfg = Release|Any CPU
		{66878836-8FE9-4534-9A8A-79FBA1741ABE}.Release|x64.Build.0 = Release|Any CPU
		{66878836-8FE9-4534-9A8A-79FBA1741ABE}.Release|x86.ActiveCfg = Release|Any CPU
		{66878836-8FE9-4534-9A8A-79FBA1741ABE}.Release|x86.Build.0 = Release|Any CPU
		{A2CDD37B-CAEB-4E53-9AED-8732C463AC8E}.Debug|Any CPU.ActiveCfg = Debug|Any CPU
		{A2CDD37B-CAEB-4E53-9AED-8732C463AC8E}.Debug|Any CPU.Build.0 = Debug|Any CPU
		{A2CDD37B-CAEB-4E53-9AED-8732C463AC8E}.Debug|x64.ActiveCfg = Debug|Any CPU
		{A2CDD37B-CAEB-4E53-9AED-8732C463AC8E}.Debug|x64.Build.0 = Debug|Any CPU
		{A2CDD37B-CAEB-4E53-9AED-8732C463AC8E}.Debug|x86.ActiveCfg = Debug|Any CPU
		{A2CDD37B-CAEB-4E53-9AED-8732C463AC8E}.Debug|x86.Build.0 = Debug|Any CPU
		{A2CDD37B-CAEB-4E53-9AED-8732C463AC8E}.Release|Any CPU.ActiveCfg = Release|Any CPU
		{A2CDD37B-CAEB-4E53-9AED-8732C463AC8E}.Release|Any CPU.Build.0 = Release|Any CPU
		{A2CDD37B-CAEB-4E53-9AED-8732C463AC8E}.Release|x64.ActiveCfg = Release|Any CPU
		{A2CDD37B-CAEB-4E53-9AED-8732C463AC8E}.Release|x64.Build.0 = Release|Any CPU
		{A2CDD37B-CAEB-4E53-9AED-8732C463AC8E}.Release|x86.ActiveCfg = Release|Any CPU
		{A2CDD37B-CAEB-4E53-9AED-8732C463AC8E}.Release|x86.Build.0 = Release|Any CPU
		{116504E8-EF3F-49BC-AB0B-6A170F6C97A1}.Debug|Any CPU.ActiveCfg = Debug|Any CPU
		{116504E8-EF3F-49BC-AB0B-6A170F6C97A1}.Debug|Any CPU.Build.0 = Debug|Any CPU
		{116504E8-EF3F-49BC-AB0B-6A170F6C97A1}.Debug|x64.ActiveCfg = Debug|Any CPU
		{116504E8-EF3F-49BC-AB0B-6A170F6C97A1}.Debug|x64.Build.0 = Debug|Any CPU
		{116504E8-EF3F-49BC-AB0B-6A170F6C97A1}.Debug|x86.ActiveCfg = Debug|Any CPU
		{116504E8-EF3F-49BC-AB0B-6A170F6C97A1}.Debug|x86.Build.0 = Debug|Any CPU
		{116504E8-EF3F-49BC-AB0B-6A170F6C97A1}.Release|Any CPU.ActiveCfg = Release|Any CPU
		{116504E8-EF3F-49BC-AB0B-6A170F6C97A1}.Release|Any CPU.Build.0 = Release|Any CPU
		{116504E8-EF3F-49BC-AB0B-6A170F6C97A1}.Release|x64.ActiveCfg = Release|Any CPU
		{116504E8-EF3F-49BC-AB0B-6A170F6C97A1}.Release|x64.Build.0 = Release|Any CPU
		{116504E8-EF3F-49BC-AB0B-6A170F6C97A1}.Release|x86.ActiveCfg = Release|Any CPU
		{116504E8-EF3F-49BC-AB0B-6A170F6C97A1}.Release|x86.Build.0 = Release|Any CPU
	EndGlobalSection
	GlobalSection(SolutionProperties) = preSolution
		HideSolutionNode = FALSE
	EndGlobalSection
EndGlobal
